{
  "name": "frontend",
  "version": "0.1.0",
  "lockfileVersion": 3,
  "requires": true,
  "packages": {
    "": {
      "name": "frontend",
      "version": "0.1.0",
      "dependencies": {
        "@lenis/react": "^1.0.4",
        "lucide-react": "^0.475.0",
        "next": "16.2.10",
        "react": "19.0.0",
        "react-dom": "19.0.0"
      },
      "devDependencies": {
        "@types/node": "^20",
        "@types/react": "^19",
        "@types/react-dom": "^19",
        "postcss": "^8",
        "tailwindcss": "^4.0.0",
        "typescript": "^5"
      }
    }
  }
}
